
Microsoft Visual Studio Solution File, Format Version 12.00
# Visual Studio Version 16
VisualStudioVersion = 16.0.30413.136
MinimumVisualStudioVersion = 10.0.40219.1
Project("{FAE04EC0-301F-11D3-BF4B-00C04F79EFBC}") = "AssistPurchaseFrontend", "AssistPurchaseFrontend\AssistPurchaseFrontend.csproj", "{7EA627A8-4083-4FC3-AC0A-F18DE0EAE847}"
EndProject
Project("{FAE04EC0-301F-11D3-BF4B-00C04F79EFBC}") = "SystemTests", "SystemTests\SystemTests.csproj", "{C40A4998-AF72-4F44-A836-5482CE40CDA8}"
EndProject
Global
	GlobalSection(SolutionConfigurationPlatforms) = preSolution
		Debug|Any CPU = Debug|Any CPU
		Release|Any CPU = Release|Any CPU
	EndGlobalSection
	GlobalSection(ProjectConfigurationPlatforms) = postSolution
		{7EA627A8-4083-4FC3-AC0A-F18DE0EAE847}.Debug|Any CPU.ActiveCfg = Debug|Any CPU
		{7EA627A8-4083-4FC3-AC0A-F18DE0EAE847}.Debug|Any CPU.Build.0 = Debug|Any CPU
		{7EA627A8-4083-4FC3-AC0A-F18DE0EAE847}.Release|Any CPU.ActiveCfg = Release|Any CPU
		{7EA627A8-4083-4FC3-AC0A-F18DE0EAE847}.Release|Any CPU.Build.0 = Release|Any CPU
		{C40A4998-AF72-4F44-A836-5482CE40CDA8}.Debug|Any CPU.ActiveCfg = Debug|Any CPU
		{C40A4998-AF72-4F44-A836-5482CE40CDA8}.Debug|Any CPU.Build.0 = Debug|Any CPU
		{C40A4998-AF72-4F44-A836-5482CE40CDA8}.Release|Any CPU.ActiveCfg = Release|Any CPU
		{C40A4998-AF72-4F44-A836-5482CE40CDA8}.Release|Any CPU.Build.0 = Release|Any CPU
	EndGlobalSection
	GlobalSection(SolutionProperties) = preSolution
		HideSolutionNode = FALSE
	EndGlobalSection
	GlobalSection(ExtensibilityGlobals) = postSolution
		SolutionGuid = {A0BC8285-F463-4108-881A-C2CA6324118E}
	EndGlobalSection
EndGlobal
